
Microsoft Visual Studio Solution File, Format Version 12.00
# Visual Studio Version 16
VisualStudioVersion = 16.0.30523.141
MinimumVisualStudioVersion = 10.0.40219.1
Project("{9A19103F-16F7-4668-BE54-9A1E7A4F7556}") = "Game.Services.Deck", "GamePlay\Game.Services.Deck.csproj", "{BD8711EB-0B61-4F15-B9B6-085B6E834555}"
EndProject
Project("{9A19103F-16F7-4668-BE54-9A1E7A4F7556}") = "Game.Entities", "Game.Entities\Game.Entities.csproj", "{8504FC80-CD15-45D2-BA3B-EA0039A55CEB}"
EndProject
Project("{9A19103F-16F7-4668-BE54-9A1E7A4F7556}") = "Game.Services.Game", "Game.Services.Game\Game.Services.Game.csproj", "{B2890DFD-D5AD-4808-A220-D040206DB2F5}"
EndProject
Project("{2150E333-8FDC-42A3-9474-1A3956D46DE8}") = "Solution Items", "Solution Items", "{48BFCC08-020A-41B7-A1C7-0CC9C0E5E172}"
	ProjectSection(SolutionItems) = preProject
		B2CDetails.txt = B2CDetails.txt
		Readme.txt = Readme.txt
	EndProjectSection
EndProject
Project("{9A19103F-16F7-4668-BE54-9A1E7A4F7556}") = "Game.Client.Client", "..\gameroom\Game.Client\Client\Game.Client.Client.csproj", "{8344BF06-1374-443E-A1CD-CCC7145D7B62}"
EndProject
Project("{9A19103F-16F7-4668-BE54-9A1E7A4F7556}") = "Game.Client.Server", "..\gameroom\Game.Client\Server\Game.Client.Server.csproj", "{6CE5144E-BF1E-44D9-A45F-1961962200E6}"
EndProject
Project("{9A19103F-16F7-4668-BE54-9A1E7A4F7556}") = "Game.Client.Shared", "..\gameroom\Game.Client\Shared\Game.Client.Shared.csproj", "{96613CC6-6D17-405B-A921-1B877F78FD7A}"
EndProject
Project("{2150E333-8FDC-42A3-9474-1A3956D46DE8}") = "Client", "Client", "{E3C9CEF6-A7BC-44C3-9D75-3B47D75C462B}"
EndProject
Project("{2150E333-8FDC-42A3-9474-1A3956D46DE8}") = "Functions", "Functions", "{1884D23F-323C-4C74-9542-9A77CA727354}"
EndProject
Global
	GlobalSection(SolutionConfigurationPlatforms) = preSolution
		Debug|Any CPU = Debug|Any CPU
		Release|Any CPU = Release|Any CPU
	EndGlobalSection
	GlobalSection(ProjectConfigurationPlatforms) = postSolution
		{BD8711EB-0B61-4F15-B9B6-085B6E834555}.Debug|Any CPU.ActiveCfg = Debug|Any CPU
		{BD8711EB-0B61-4F15-B9B6-085B6E834555}.Debug|Any CPU.Build.0 = Debug|Any CPU
		{BD8711EB-0B61-4F15-B9B6-085B6E834555}.Release|Any CPU.ActiveCfg = Release|Any CPU
		{BD8711EB-0B61-4F15-B9B6-085B6E834555}.Release|Any CPU.Build.0 = Release|Any CPU
		{8504FC80-CD15-45D2-BA3B-EA0039A55CEB}.Debug|Any CPU.ActiveCfg = Debug|Any CPU
		{8504FC80-CD15-45D2-BA3B-EA0039A55CEB}.Debug|Any CPU.Build.0 = Debug|Any CPU
		{8504FC80-CD15-45D2-BA3B-EA0039A55CEB}.Release|Any CPU.ActiveCfg = Release|Any CPU
		{8504FC80-CD15-45D2-BA3B-EA0039A55CEB}.Release|Any CPU.Build.0 = Release|Any CPU
		{B2890DFD-D5AD-4808-A220-D040206DB2F5}.Debug|Any CPU.ActiveCfg = Debug|Any CPU
		{B2890DFD-D5AD-4808-A220-D040206DB2F5}.Debug|Any CPU.Build.0 = Debug|Any CPU
		{B2890DFD-D5AD-4808-A220-D040206DB2F5}.Release|Any CPU.ActiveCfg = Release|Any CPU
		{B2890DFD-D5AD-4808-A220-D040206DB2F5}.Release|Any CPU.Build.0 = Release|Any CPU
		{8344BF06-1374-443E-A1CD-CCC7145D7B62}.Debug|Any CPU.ActiveCfg = Debug|Any CPU
		{8344BF06-1374-443E-A1CD-CCC7145D7B62}.Debug|Any CPU.Build.0 = Debug|Any CPU
		{8344BF06-1374-443E-A1CD-CCC7145D7B62}.Release|Any CPU.ActiveCfg = Release|Any CPU
		{8344BF06-1374-443E-A1CD-CCC7145D7B62}.Release|Any CPU.Build.0 = Release|Any CPU
		{6CE5144E-BF1E-44D9-A45F-1961962200E6}.Debug|Any CPU.ActiveCfg = Debug|Any CPU
		{6CE5144E-BF1E-44D9-A45F-1961962200E6}.Debug|Any CPU.Build.0 = Debug|Any CPU
		{6CE5144E-BF1E-44D9-A45F-1961962200E6}.Release|Any CPU.ActiveCfg = Release|Any CPU
		{6CE5144E-BF1E-44D9-A45F-1961962200E6}.Release|Any CPU.Build.0 = Release|Any CPU
		{96613CC6-6D17-405B-A921-1B877F78FD7A}.Debug|Any CPU.ActiveCfg = Debug|Any CPU
		{96613CC6-6D17-405B-A921-1B877F78FD7A}.Debug|Any CPU.Build.0 = Debug|Any CPU
		{96613CC6-6D17-405B-A921-1B877F78FD7A}.Release|Any CPU.ActiveCfg = Release|Any CPU
		{96613CC6-6D17-405B-A921-1B877F78FD7A}.Release|Any CPU.Build.0 = Release|Any CPU
	EndGlobalSection
	GlobalSection(SolutionProperties) = preSolution
		HideSolutionNode = FALSE
	EndGlobalSection
	GlobalSection(NestedProjects) = preSolution
		{BD8711EB-0B61-4F15-B9B6-085B6E834555} = {1884D23F-323C-4C74-9542-9A77CA727354}
		{B2890DFD-D5AD-4808-A220-D040206DB2F5} = {1884D23F-323C-4C74-9542-9A77CA727354}
		{8344BF06-1374-443E-A1CD-CCC7145D7B62} = {E3C9CEF6-A7BC-44C3-9D75-3B47D75C462B}
		{6CE5144E-BF1E-44D9-A45F-1961962200E6} = {E3C9CEF6-A7BC-44C3-9D75-3B47D75C462B}
		{96613CC6-6D17-405B-A921-1B877F78FD7A} = {E3C9CEF6-A7BC-44C3-9D75-3B47D75C462B}
	EndGlobalSection
	GlobalSection(ExtensibilityGlobals) = postSolution
		SolutionGuid = {712D776E-ADCD-48C9-BF33-0CDC0844BA92}
	EndGlobalSection
EndGlobal
