
Microsoft Visual Studio Solution File, Format Version 12.00
# Visual Studio Version 16
VisualStudioVersion = 16.0.30523.141
MinimumVisualStudioVersion = 10.0.40219.1
Project("{9A19103F-16F7-4668-BE54-9A1E7A4F7556}") = "Game.Services.Deck", "Game.Services.Deck\Game.Services.Deck.csproj", "{BD8711EB-0B61-4F15-B9B6-085B6E834555}"
EndProject
Project("{9A19103F-16F7-4668-BE54-9A1E7A4F7556}") = "Game.Entities", "Game.Entities\Game.Entities.csproj", "{8504FC80-CD15-45D2-BA3B-EA0039A55CEB}"
EndProject
Project("{9A19103F-16F7-4668-BE54-9A1E7A4F7556}") = "Game.Services.Game", "Game.Services.Game\Game.Services.Game.csproj", "{B2890DFD-D5AD-4808-A220-D040206DB2F5}"
EndProject
Project("{2150E333-8FDC-42A3-9474-1A3956D46DE8}") = "Solution Items", "Solution Items", "{48BFCC08-020A-41B7-A1C7-0CC9C0E5E172}"
	ProjectSection(SolutionItems) = preProject
		B2CDetails.txt = B2CDetails.txt
		Readme.txt = Readme.txt
		super-cleaner.txt = super-cleaner.txt
	EndProjectSection
EndProject
Project("{2150E333-8FDC-42A3-9474-1A3956D46DE8}") = "Functions", "Functions", "{1884D23F-323C-4C74-9542-9A77CA727354}"
EndProject
Project("{9A19103F-16F7-4668-BE54-9A1E7A4F7556}") = "Game.Client.Client", "Game.Client\Client\Game.Client.Client.csproj", "{CFDAAD11-AD59-45A1-B95A-AD81E3B0DFBC}"
EndProject
Project("{9A19103F-16F7-4668-BE54-9A1E7A4F7556}") = "Game.Client.Shared", "Game.Client\Shared\Game.Client.Shared.csproj", "{B25D247B-E5AD-415B-85FB-0B3BC3583DE6}"
EndProject
Project("{2150E333-8FDC-42A3-9474-1A3956D46DE8}") = "Client", "Client", "{08A8C711-4B40-48E4-B2C4-DF455DC6F97D}"
EndProject
Project("{9A19103F-16F7-4668-BE54-9A1E7A4F7556}") = "Game.Services.Graph", "AADBrowser\Game.Services.Graph.csproj", "{340D5061-4A46-4CFD-9760-1E252F27EEAF}"
EndProject
Project("{9A19103F-16F7-4668-BE54-9A1E7A4F7556}") = "Game.Services.Table", "Game.Services.Table\Game.Services.Table.csproj", "{82DF4C21-1C8E-40A4-ADA7-A2DB3619BAD5}"
EndProject
Project("{9A19103F-16F7-4668-BE54-9A1E7A4F7556}") = "Game.Services.Helpers", "Game.Services.Helpers\Game.Services.Helpers.csproj", "{10C00C44-8E89-4018-BD8F-979BD2FF4352}"
EndProject
Project("{9A19103F-16F7-4668-BE54-9A1E7A4F7556}") = "StateManager", "StateManager\StateManager.csproj", "{CD1207A7-73DF-4F5E-AA95-5E9213E2F47E}"
EndProject
Project("{9A19103F-16F7-4668-BE54-9A1E7A4F7556}") = "Game.Services.RealTimeCommunications", "Game.Services.RealTimeCommunications\Game.Services.RealTimeCommunications.csproj", "{405E875A-B472-4BA7-8410-D179D80975B4}"
EndProject
Global
	GlobalSection(SolutionConfigurationPlatforms) = preSolution
		Debug|Any CPU = Debug|Any CPU
		Debug-SignalR|Any CPU = Debug-SignalR|Any CPU
		Release|Any CPU = Release|Any CPU
	EndGlobalSection
	GlobalSection(ProjectConfigurationPlatforms) = postSolution
		{BD8711EB-0B61-4F15-B9B6-085B6E834555}.Debug|Any CPU.ActiveCfg = Debug|Any CPU
		{BD8711EB-0B61-4F15-B9B6-085B6E834555}.Debug|Any CPU.Build.0 = Debug|Any CPU
		{BD8711EB-0B61-4F15-B9B6-085B6E834555}.Debug-SignalR|Any CPU.ActiveCfg = Debug-SignalR|Any CPU
		{BD8711EB-0B61-4F15-B9B6-085B6E834555}.Release|Any CPU.ActiveCfg = Release|Any CPU
		{BD8711EB-0B61-4F15-B9B6-085B6E834555}.Release|Any CPU.Build.0 = Release|Any CPU
		{8504FC80-CD15-45D2-BA3B-EA0039A55CEB}.Debug|Any CPU.ActiveCfg = Debug|Any CPU
		{8504FC80-CD15-45D2-BA3B-EA0039A55CEB}.Debug|Any CPU.Build.0 = Debug|Any CPU
		{8504FC80-CD15-45D2-BA3B-EA0039A55CEB}.Debug-SignalR|Any CPU.ActiveCfg = Debug-SignalR|Any CPU
		{8504FC80-CD15-45D2-BA3B-EA0039A55CEB}.Debug-SignalR|Any CPU.Build.0 = Debug-SignalR|Any CPU
		{8504FC80-CD15-45D2-BA3B-EA0039A55CEB}.Release|Any CPU.ActiveCfg = Release|Any CPU
		{8504FC80-CD15-45D2-BA3B-EA0039A55CEB}.Release|Any CPU.Build.0 = Release|Any CPU
		{B2890DFD-D5AD-4808-A220-D040206DB2F5}.Debug|Any CPU.ActiveCfg = Debug|Any CPU
		{B2890DFD-D5AD-4808-A220-D040206DB2F5}.Debug|Any CPU.Build.0 = Debug|Any CPU
		{B2890DFD-D5AD-4808-A220-D040206DB2F5}.Debug-SignalR|Any CPU.ActiveCfg = Debug-SignalR|Any CPU
		{B2890DFD-D5AD-4808-A220-D040206DB2F5}.Release|Any CPU.ActiveCfg = Release|Any CPU
		{B2890DFD-D5AD-4808-A220-D040206DB2F5}.Release|Any CPU.Build.0 = Release|Any CPU
		{CFDAAD11-AD59-45A1-B95A-AD81E3B0DFBC}.Debug|Any CPU.ActiveCfg = Debug|Any CPU
		{CFDAAD11-AD59-45A1-B95A-AD81E3B0DFBC}.Debug|Any CPU.Build.0 = Debug|Any CPU
		{CFDAAD11-AD59-45A1-B95A-AD81E3B0DFBC}.Debug-SignalR|Any CPU.ActiveCfg = Debug-SignalR|Any CPU
		{CFDAAD11-AD59-45A1-B95A-AD81E3B0DFBC}.Release|Any CPU.ActiveCfg = Release|Any CPU
		{CFDAAD11-AD59-45A1-B95A-AD81E3B0DFBC}.Release|Any CPU.Build.0 = Release|Any CPU
		{B25D247B-E5AD-415B-85FB-0B3BC3583DE6}.Debug|Any CPU.ActiveCfg = Debug|Any CPU
		{B25D247B-E5AD-415B-85FB-0B3BC3583DE6}.Debug|Any CPU.Build.0 = Debug|Any CPU
		{B25D247B-E5AD-415B-85FB-0B3BC3583DE6}.Debug-SignalR|Any CPU.ActiveCfg = Debug-SignalR|Any CPU
		{B25D247B-E5AD-415B-85FB-0B3BC3583DE6}.Release|Any CPU.ActiveCfg = Release|Any CPU
		{B25D247B-E5AD-415B-85FB-0B3BC3583DE6}.Release|Any CPU.Build.0 = Release|Any CPU
		{340D5061-4A46-4CFD-9760-1E252F27EEAF}.Debug|Any CPU.ActiveCfg = Debug|Any CPU
		{340D5061-4A46-4CFD-9760-1E252F27EEAF}.Debug|Any CPU.Build.0 = Debug|Any CPU
		{340D5061-4A46-4CFD-9760-1E252F27EEAF}.Debug-SignalR|Any CPU.ActiveCfg = Debug-SignalR|Any CPU
		{340D5061-4A46-4CFD-9760-1E252F27EEAF}.Release|Any CPU.ActiveCfg = Release|Any CPU
		{340D5061-4A46-4CFD-9760-1E252F27EEAF}.Release|Any CPU.Build.0 = Release|Any CPU
		{82DF4C21-1C8E-40A4-ADA7-A2DB3619BAD5}.Debug|Any CPU.ActiveCfg = Debug|Any CPU
		{82DF4C21-1C8E-40A4-ADA7-A2DB3619BAD5}.Debug|Any CPU.Build.0 = Debug|Any CPU
		{82DF4C21-1C8E-40A4-ADA7-A2DB3619BAD5}.Debug-SignalR|Any CPU.ActiveCfg = Debug-SignalR|Any CPU
		{82DF4C21-1C8E-40A4-ADA7-A2DB3619BAD5}.Release|Any CPU.ActiveCfg = Release|Any CPU
		{82DF4C21-1C8E-40A4-ADA7-A2DB3619BAD5}.Release|Any CPU.Build.0 = Release|Any CPU
		{10C00C44-8E89-4018-BD8F-979BD2FF4352}.Debug|Any CPU.ActiveCfg = Debug|Any CPU
		{10C00C44-8E89-4018-BD8F-979BD2FF4352}.Debug|Any CPU.Build.0 = Debug|Any CPU
		{10C00C44-8E89-4018-BD8F-979BD2FF4352}.Debug-SignalR|Any CPU.ActiveCfg = Debug-SignalR|Any CPU
		{10C00C44-8E89-4018-BD8F-979BD2FF4352}.Debug-SignalR|Any CPU.Build.0 = Debug-SignalR|Any CPU
		{10C00C44-8E89-4018-BD8F-979BD2FF4352}.Release|Any CPU.ActiveCfg = Release|Any CPU
		{10C00C44-8E89-4018-BD8F-979BD2FF4352}.Release|Any CPU.Build.0 = Release|Any CPU
		{CD1207A7-73DF-4F5E-AA95-5E9213E2F47E}.Debug|Any CPU.ActiveCfg = Debug|Any CPU
		{CD1207A7-73DF-4F5E-AA95-5E9213E2F47E}.Debug|Any CPU.Build.0 = Debug|Any CPU
		{CD1207A7-73DF-4F5E-AA95-5E9213E2F47E}.Debug-SignalR|Any CPU.ActiveCfg = Debug-SignalR|Any CPU
		{CD1207A7-73DF-4F5E-AA95-5E9213E2F47E}.Release|Any CPU.ActiveCfg = Release|Any CPU
		{CD1207A7-73DF-4F5E-AA95-5E9213E2F47E}.Release|Any CPU.Build.0 = Release|Any CPU
		{405E875A-B472-4BA7-8410-D179D80975B4}.Debug|Any CPU.ActiveCfg = Debug|Any CPU
		{405E875A-B472-4BA7-8410-D179D80975B4}.Debug|Any CPU.Build.0 = Debug|Any CPU
		{405E875A-B472-4BA7-8410-D179D80975B4}.Debug-SignalR|Any CPU.ActiveCfg = Debug-SignalR|Any CPU
		{405E875A-B472-4BA7-8410-D179D80975B4}.Debug-SignalR|Any CPU.Build.0 = Debug-SignalR|Any CPU
		{405E875A-B472-4BA7-8410-D179D80975B4}.Release|Any CPU.ActiveCfg = Release|Any CPU
		{405E875A-B472-4BA7-8410-D179D80975B4}.Release|Any CPU.Build.0 = Release|Any CPU
	EndGlobalSection
	GlobalSection(SolutionProperties) = preSolution
		HideSolutionNode = FALSE
	EndGlobalSection
	GlobalSection(NestedProjects) = preSolution
		{BD8711EB-0B61-4F15-B9B6-085B6E834555} = {1884D23F-323C-4C74-9542-9A77CA727354}
		{B2890DFD-D5AD-4808-A220-D040206DB2F5} = {1884D23F-323C-4C74-9542-9A77CA727354}
		{CFDAAD11-AD59-45A1-B95A-AD81E3B0DFBC} = {08A8C711-4B40-48E4-B2C4-DF455DC6F97D}
		{B25D247B-E5AD-415B-85FB-0B3BC3583DE6} = {08A8C711-4B40-48E4-B2C4-DF455DC6F97D}
		{340D5061-4A46-4CFD-9760-1E252F27EEAF} = {1884D23F-323C-4C74-9542-9A77CA727354}
		{82DF4C21-1C8E-40A4-ADA7-A2DB3619BAD5} = {1884D23F-323C-4C74-9542-9A77CA727354}
		{10C00C44-8E89-4018-BD8F-979BD2FF4352} = {1884D23F-323C-4C74-9542-9A77CA727354}
		{405E875A-B472-4BA7-8410-D179D80975B4} = {1884D23F-323C-4C74-9542-9A77CA727354}
	EndGlobalSection
	GlobalSection(ExtensibilityGlobals) = postSolution
		SolutionGuid = {712D776E-ADCD-48C9-BF33-0CDC0844BA92}
	EndGlobalSection
EndGlobal
