
Microsoft Visual Studio Solution File, Format Version 12.00
# Visual Studio Version 16
VisualStudioVersion = 16.0.30804.86
MinimumVisualStudioVersion = 10.0.40219.1
Project("{9A19103F-16F7-4668-BE54-9A1E7A4F7556}") = "Game.Entities", "..\Game.Entities\Game.Entities.csproj", "{9AB9082F-B195-428C-B1B9-C63D18DFDA92}"
EndProject
Project("{9A19103F-16F7-4668-BE54-9A1E7A4F7556}") = "Game.Services.Deck", "..\Game.Services.Deck\Game.Services.Deck.csproj", "{90D311B6-A896-4436-A6AE-636512219AD3}"
EndProject
Project("{9A19103F-16F7-4668-BE54-9A1E7A4F7556}") = "Game.Services.Game", "..\Game.Services.Game\Game.Services.Game.csproj", "{2ABE61C5-9188-48A3-AEE0-E555AC93410E}"
EndProject
Project("{9A19103F-16F7-4668-BE54-9A1E7A4F7556}") = "Game.Services.Helpers", "..\Game.Services.Helpers\Game.Services.Helpers.csproj", "{5738238B-7A61-40D5-A339-E39304484B5A}"
EndProject
Project("{9A19103F-16F7-4668-BE54-9A1E7A4F7556}") = "Game.Services.Table", "..\Game.Services.Table\Game.Services.Table.csproj", "{D39E6E53-BFAC-4AE8-9441-04312454C453}"
EndProject
Project("{9A19103F-16F7-4668-BE54-9A1E7A4F7556}") = "Games.Services.Authorization", "..\Games.Functions.AuthorizationHelpers\Games.Services.Authorization.csproj", "{A01CFDCB-4744-464E-A6AE-E045C1163C52}"
EndProject
Project("{9A19103F-16F7-4668-BE54-9A1E7A4F7556}") = "Game.Services.RealTimeCommunications", "..\Game.Services.RealTimeCommunications\Game.Services.RealTimeCommunications.csproj", "{C0F1E1F3-80E3-4242-98EA-D80616527ECD}"
EndProject
Global
	GlobalSection(SolutionConfigurationPlatforms) = preSolution
		Debug|Any CPU = Debug|Any CPU
		Debug-SignalR|Any CPU = Debug-SignalR|Any CPU
		Release|Any CPU = Release|Any CPU
	EndGlobalSection
	GlobalSection(ProjectConfigurationPlatforms) = postSolution
		{9AB9082F-B195-428C-B1B9-C63D18DFDA92}.Debug|Any CPU.ActiveCfg = Debug|Any CPU
		{9AB9082F-B195-428C-B1B9-C63D18DFDA92}.Debug|Any CPU.Build.0 = Debug|Any CPU
		{9AB9082F-B195-428C-B1B9-C63D18DFDA92}.Debug-SignalR|Any CPU.ActiveCfg = Debug-SignalR|Any CPU
		{9AB9082F-B195-428C-B1B9-C63D18DFDA92}.Debug-SignalR|Any CPU.Build.0 = Debug-SignalR|Any CPU
		{9AB9082F-B195-428C-B1B9-C63D18DFDA92}.Release|Any CPU.ActiveCfg = Release|Any CPU
		{9AB9082F-B195-428C-B1B9-C63D18DFDA92}.Release|Any CPU.Build.0 = Release|Any CPU
		{90D311B6-A896-4436-A6AE-636512219AD3}.Debug|Any CPU.ActiveCfg = Debug|Any CPU
		{90D311B6-A896-4436-A6AE-636512219AD3}.Debug|Any CPU.Build.0 = Debug|Any CPU
		{90D311B6-A896-4436-A6AE-636512219AD3}.Debug-SignalR|Any CPU.ActiveCfg = Debug-SignalR|Any CPU
		{90D311B6-A896-4436-A6AE-636512219AD3}.Debug-SignalR|Any CPU.Build.0 = Debug-SignalR|Any CPU
		{90D311B6-A896-4436-A6AE-636512219AD3}.Release|Any CPU.ActiveCfg = Release|Any CPU
		{90D311B6-A896-4436-A6AE-636512219AD3}.Release|Any CPU.Build.0 = Release|Any CPU
		{2ABE61C5-9188-48A3-AEE0-E555AC93410E}.Debug|Any CPU.ActiveCfg = Debug|Any CPU
		{2ABE61C5-9188-48A3-AEE0-E555AC93410E}.Debug|Any CPU.Build.0 = Debug|Any CPU
		{2ABE61C5-9188-48A3-AEE0-E555AC93410E}.Debug-SignalR|Any CPU.ActiveCfg = Debug-SignalR|Any CPU
		{2ABE61C5-9188-48A3-AEE0-E555AC93410E}.Debug-SignalR|Any CPU.Build.0 = Debug-SignalR|Any CPU
		{2ABE61C5-9188-48A3-AEE0-E555AC93410E}.Release|Any CPU.ActiveCfg = Release|Any CPU
		{2ABE61C5-9188-48A3-AEE0-E555AC93410E}.Release|Any CPU.Build.0 = Release|Any CPU
		{5738238B-7A61-40D5-A339-E39304484B5A}.Debug|Any CPU.ActiveCfg = Debug|Any CPU
		{5738238B-7A61-40D5-A339-E39304484B5A}.Debug|Any CPU.Build.0 = Debug|Any CPU
		{5738238B-7A61-40D5-A339-E39304484B5A}.Debug-SignalR|Any CPU.ActiveCfg = Debug-SignalR|Any CPU
		{5738238B-7A61-40D5-A339-E39304484B5A}.Debug-SignalR|Any CPU.Build.0 = Debug-SignalR|Any CPU
		{5738238B-7A61-40D5-A339-E39304484B5A}.Release|Any CPU.ActiveCfg = Release|Any CPU
		{5738238B-7A61-40D5-A339-E39304484B5A}.Release|Any CPU.Build.0 = Release|Any CPU
		{D39E6E53-BFAC-4AE8-9441-04312454C453}.Debug|Any CPU.ActiveCfg = Debug|Any CPU
		{D39E6E53-BFAC-4AE8-9441-04312454C453}.Debug|Any CPU.Build.0 = Debug|Any CPU
		{D39E6E53-BFAC-4AE8-9441-04312454C453}.Debug-SignalR|Any CPU.ActiveCfg = Debug-SignalR|Any CPU
		{D39E6E53-BFAC-4AE8-9441-04312454C453}.Debug-SignalR|Any CPU.Build.0 = Debug-SignalR|Any CPU
		{D39E6E53-BFAC-4AE8-9441-04312454C453}.Release|Any CPU.ActiveCfg = Release|Any CPU
		{D39E6E53-BFAC-4AE8-9441-04312454C453}.Release|Any CPU.Build.0 = Release|Any CPU
		{A01CFDCB-4744-464E-A6AE-E045C1163C52}.Debug|Any CPU.ActiveCfg = Debug|Any CPU
		{A01CFDCB-4744-464E-A6AE-E045C1163C52}.Debug|Any CPU.Build.0 = Debug|Any CPU
		{A01CFDCB-4744-464E-A6AE-E045C1163C52}.Debug-SignalR|Any CPU.ActiveCfg = Debug|Any CPU
		{A01CFDCB-4744-464E-A6AE-E045C1163C52}.Debug-SignalR|Any CPU.Build.0 = Debug|Any CPU
		{A01CFDCB-4744-464E-A6AE-E045C1163C52}.Release|Any CPU.ActiveCfg = Release|Any CPU
		{A01CFDCB-4744-464E-A6AE-E045C1163C52}.Release|Any CPU.Build.0 = Release|Any CPU
		{C0F1E1F3-80E3-4242-98EA-D80616527ECD}.Debug|Any CPU.ActiveCfg = Debug|Any CPU
		{C0F1E1F3-80E3-4242-98EA-D80616527ECD}.Debug|Any CPU.Build.0 = Debug|Any CPU
		{C0F1E1F3-80E3-4242-98EA-D80616527ECD}.Debug-SignalR|Any CPU.ActiveCfg = Debug-SignalR|Any CPU
		{C0F1E1F3-80E3-4242-98EA-D80616527ECD}.Debug-SignalR|Any CPU.Build.0 = Debug-SignalR|Any CPU
		{C0F1E1F3-80E3-4242-98EA-D80616527ECD}.Release|Any CPU.ActiveCfg = Release|Any CPU
		{C0F1E1F3-80E3-4242-98EA-D80616527ECD}.Release|Any CPU.Build.0 = Release|Any CPU
	EndGlobalSection
	GlobalSection(SolutionProperties) = preSolution
		HideSolutionNode = FALSE
	EndGlobalSection
	GlobalSection(ExtensibilityGlobals) = postSolution
		SolutionGuid = {4203E0F1-5E63-4876-8AD8-1C4C63865433}
	EndGlobalSection
EndGlobal
